
Microsoft Visual Studio Solution File, Format Version 12.00
# Visual Studio Version 17
VisualStudioVersion = 17.10.34928.147
MinimumVisualStudioVersion = 10.0.40219.1
Project("{FAE04EC0-301F-11D3-BF4B-00C04F79EFBC}") = "PruebaTecnica", "PruebaTecnica\PruebaTecnica.csproj", "{FDE88C0E-4B28-4F15-B54C-582572FB3A5B}"
EndProject
Project("{FAE04EC0-301F-11D3-BF4B-00C04F79EFBC}") = "PruebaTecnica.Core", "PruebaTecnica.Core\PruebaTecnica.Core.csproj", "{EDFC3C3D-1222-409F-A8CC-F3A26FA83ADF}"
EndProject
Project("{FAE04EC0-301F-11D3-BF4B-00C04F79EFBC}") = "PruebaTecnica.Infrastructure", "PruebaTecnica.Infrastructure\PruebaTecnica.Infrastructure.csproj", "{11688806-4C23-42F4-A05B-1B8E864570EB}"
EndProject
Project("{00D1A9C2-B5F0-4AF3-8072-F6C62B433612}") = "DbPruebaTecnica", "DbPruebaTecnica\DbPruebaTecnica.sqlproj", "{C33616A9-2860-4F6B-9099-914B166AA6AD}"
EndProject
Global
	GlobalSection(SolutionConfigurationPlatforms) = preSolution
		Debug|Any CPU = Debug|Any CPU
		Release|Any CPU = Release|Any CPU
	EndGlobalSection
	GlobalSection(ProjectConfigurationPlatforms) = postSolution
		{FDE88C0E-4B28-4F15-B54C-582572FB3A5B}.Debug|Any CPU.ActiveCfg = Debug|Any CPU
		{FDE88C0E-4B28-4F15-B54C-582572FB3A5B}.Debug|Any CPU.Build.0 = Debug|Any CPU
		{FDE88C0E-4B28-4F15-B54C-582572FB3A5B}.Release|Any CPU.ActiveCfg = Release|Any CPU
		{FDE88C0E-4B28-4F15-B54C-582572FB3A5B}.Release|Any CPU.Build.0 = Release|Any CPU
		{EDFC3C3D-1222-409F-A8CC-F3A26FA83ADF}.Debug|Any CPU.ActiveCfg = Debug|Any CPU
		{EDFC3C3D-1222-409F-A8CC-F3A26FA83ADF}.Debug|Any CPU.Build.0 = Debug|Any CPU
		{EDFC3C3D-1222-409F-A8CC-F3A26FA83ADF}.Release|Any CPU.ActiveCfg = Release|Any CPU
		{EDFC3C3D-1222-409F-A8CC-F3A26FA83ADF}.Release|Any CPU.Build.0 = Release|Any CPU
		{11688806-4C23-42F4-A05B-1B8E864570EB}.Debug|Any CPU.ActiveCfg = Debug|Any CPU
		{11688806-4C23-42F4-A05B-1B8E864570EB}.Debug|Any CPU.Build.0 = Debug|Any CPU
		{11688806-4C23-42F4-A05B-1B8E864570EB}.Release|Any CPU.ActiveCfg = Release|Any CPU
		{11688806-4C23-42F4-A05B-1B8E864570EB}.Release|Any CPU.Build.0 = Release|Any CPU
		{C33616A9-2860-4F6B-9099-914B166AA6AD}.Debug|Any CPU.ActiveCfg = Debug|Any CPU
		{C33616A9-2860-4F6B-9099-914B166AA6AD}.Debug|Any CPU.Build.0 = Debug|Any CPU
		{C33616A9-2860-4F6B-9099-914B166AA6AD}.Debug|Any CPU.Deploy.0 = Debug|Any CPU
		{C33616A9-2860-4F6B-9099-914B166AA6AD}.Release|Any CPU.ActiveCfg = Release|Any CPU
		{C33616A9-2860-4F6B-9099-914B166AA6AD}.Release|Any CPU.Build.0 = Release|Any CPU
		{C33616A9-2860-4F6B-9099-914B166AA6AD}.Release|Any CPU.Deploy.0 = Release|Any CPU
	EndGlobalSection
	GlobalSection(SolutionProperties) = preSolution
		HideSolutionNode = FALSE
	EndGlobalSection
	GlobalSection(ExtensibilityGlobals) = postSolution
		SolutionGuid = {103018D2-4E45-4E7F-B894-DA99D620EAE0}
	EndGlobalSection
EndGlobal
